<Solution>
  <Project Path="GestioneDb/GestioneDb.csproj" />
  <Project Path="GestorePassword/GestorePassword.csproj" Id="3ac0466f-3356-4127-858e-a810b39b8370" />
  <Project Path="Temp/Librerie.csproj" Id="9cab2449-ac03-4437-9778-90245b0cbb6f" />
  <Project Path="Tests/Tests.csproj" Id="4180a03a-2692-49b9-b0a6-1bce68ea4ff2" />
</Solution>
