<Solution>
  <Project Path="GestioneDb/GestioneDb.csproj" />
  <Project Path="GestioneGUI/GestioneGUI.csproj" Id="84983021-9596-419c-80f9-951e3ca0e925" />
  <Project Path="Libreria/Libreria.csproj" Id="ce7dd11c-d997-4772-ab95-8414a181b793" />
  <Project Path="Tests/Tests.csproj" Id="4180a03a-2692-49b9-b0a6-1bce68ea4ff2" />
</Solution>
