Microsoft Visual Studio Solution File, Format Version 12.00
# Visual Studio Version 17
VisualStudioVersion = 17.5.2.0
MinimumVisualStudioVersion = 10.0.40219.1
Project("{FAE04EC0-301F-11D3-BF4B-00C04F79EFBC}") = "GestorePassword", "GestorePassword\GestorePassword.csproj", "{84E0D4EA-BB3F-46AB-5719-C2FCFE3C2D86}"
EndProject
Project("{FAE04EC0-301F-11D3-BF4B-00C04F79EFBC}") = "GestorePassword.Android", "GestorePassword.Android\GestorePassword.Android.csproj", "{B9235871-03A4-B8F8-9172-C34D7608E4C2}"
EndProject
Project("{FAE04EC0-301F-11D3-BF4B-00C04F79EFBC}") = "GestorePassword.Desktop", "GestorePassword.Desktop\GestorePassword.Desktop.csproj", "{D5E59671-5093-7ECB-764D-2CB339B7C27F}"
EndProject
Global
	GlobalSection(SolutionConfigurationPlatforms) = preSolution
		Debug|Any CPU = Debug|Any CPU
		Release|Any CPU = Release|Any CPU
	EndGlobalSection
	GlobalSection(ProjectConfigurationPlatforms) = postSolution
		{84E0D4EA-BB3F-46AB-5719-C2FCFE3C2D86}.Debug|Any CPU.ActiveCfg = Debug|Any CPU
		{84E0D4EA-BB3F-46AB-5719-C2FCFE3C2D86}.Debug|Any CPU.Build.0 = Debug|Any CPU
		{84E0D4EA-BB3F-46AB-5719-C2FCFE3C2D86}.Release|Any CPU.ActiveCfg = Release|Any CPU
		{84E0D4EA-BB3F-46AB-5719-C2FCFE3C2D86}.Release|Any CPU.Build.0 = Release|Any CPU
		{B9235871-03A4-B8F8-9172-C34D7608E4C2}.Debug|Any CPU.ActiveCfg = Debug|Any CPU
		{B9235871-03A4-B8F8-9172-C34D7608E4C2}.Debug|Any CPU.Build.0 = Debug|Any CPU
		{B9235871-03A4-B8F8-9172-C34D7608E4C2}.Release|Any CPU.ActiveCfg = Release|Any CPU
		{B9235871-03A4-B8F8-9172-C34D7608E4C2}.Release|Any CPU.Build.0 = Release|Any CPU
		{D5E59671-5093-7ECB-764D-2CB339B7C27F}.Debug|Any CPU.ActiveCfg = Debug|Any CPU
		{D5E59671-5093-7ECB-764D-2CB339B7C27F}.Debug|Any CPU.Build.0 = Debug|Any CPU
		{D5E59671-5093-7ECB-764D-2CB339B7C27F}.Release|Any CPU.ActiveCfg = Release|Any CPU
		{D5E59671-5093-7ECB-764D-2CB339B7C27F}.Release|Any CPU.Build.0 = Release|Any CPU
	EndGlobalSection
	GlobalSection(SolutionProperties) = preSolution
		HideSolutionNode = FALSE
	EndGlobalSection
	GlobalSection(ExtensibilityGlobals) = postSolution
		SolutionGuid = {781DDCF6-4C15-4ADE-9450-79875310DEE0}
	EndGlobalSection
EndGlobal
